
Microsoft Visual Studio Solution File, Format Version 12.00
# Visual Studio Version 17
VisualStudioVersion = 17.11.34929.205
MinimumVisualStudioVersion = 10.0.40219.1
Project("{2150E333-8FDC-42A3-9474-1A3956D46DE8}") = "Labs", "Labs", "{5BC4835F-2DDF-43FD-9929-67A56B167D6F}"
EndProject
Project("{2150E333-8FDC-42A3-9474-1A3956D46DE8}") = "Demos", "Demos", "{2E537523-634A-4F7D-B6C3-C747BB1C875B}"
EndProject
Project("{9A19103F-16F7-4668-BE54-9A1E7A4F7556}") = "Nieze.WPF.Demos.Demo1", "Demos\Nieze.WPF.Demos.Demo1\Nieze.WPF.Demos.Demo1.csproj", "{C63DD62F-43E0-444E-A01A-6D48A448D3B8}"
EndProject
Project("{2150E333-8FDC-42A3-9474-1A3956D46DE8}") = "Lab1", "Lab1", "{5A9956B9-F5AC-4FB3-99B9-78B420328244}"
EndProject
Project("{2150E333-8FDC-42A3-9474-1A3956D46DE8}") = "Lab2", "Lab2", "{173E27CD-02AB-4C85-8EBC-7125AB1CDB82}"
EndProject
Project("{2150E333-8FDC-42A3-9474-1A3956D46DE8}") = "Lab3", "Lab3", "{A4E1E329-2B36-43BD-A3C6-2D1D3417AFCE}"
EndProject
Project("{2150E333-8FDC-42A3-9474-1A3956D46DE8}") = "Lab4", "Lab4", "{B45C9535-A577-4911-8B26-A14C4EB2BF57}"
EndProject
Project("{2150E333-8FDC-42A3-9474-1A3956D46DE8}") = "Lab5", "Lab5", "{4769F0F1-1C77-4C0A-A189-2A84EF2763CB}"
EndProject
Project("{FAE04EC0-301F-11D3-BF4B-00C04F79EFBC}") = "Nieze.WPF.Labs.Lab1", "Labs\Lab1\Nieze.WPF.Labs.Lab1\Nieze.WPF.Labs.Lab1.csproj", "{D27A734B-2F30-4DB4-A9D3-9CF2ADB9D775}"
EndProject
Project("{FAE04EC0-301F-11D3-BF4B-00C04F79EFBC}") = "Nieze.WPF.Labs.Lab2", "Labs\Lab2\Nieze.WPF.Labs.Lab2\Nieze.WPF.Labs.Lab2.csproj", "{C60BE968-E79D-43E9-A825-EB3152F7521F}"
EndProject
Project("{FAE04EC0-301F-11D3-BF4B-00C04F79EFBC}") = "Nieze.WPF.Labs.Lab3", "Labs\Lab3\Nieze.WPF.Labs.Lab3\Nieze.WPF.Labs.Lab3.csproj", "{792CCD57-6D7D-4EB4-9AD4-CEEC519646EB}"
EndProject
Project("{FAE04EC0-301F-11D3-BF4B-00C04F79EFBC}") = "Nieze.WPF.Labs.Lab4", "Labs\Lab4\Nieze.WPF.Labs.Lab4\Nieze.WPF.Labs.Lab4.csproj", "{43F05DA4-8A3B-4DC0-A781-71DFE848B769}"
EndProject
Project("{FAE04EC0-301F-11D3-BF4B-00C04F79EFBC}") = "Nieze.WPF.Labs.Lab5", "Labs\Lab5\Nieze.WPF.Labs.Lab5\Nieze.WPF.Labs.Lab5.csproj", "{05502079-4ECA-4239-B563-33E2BAF21323}"
EndProject
Global
	GlobalSection(SolutionConfigurationPlatforms) = preSolution
		Debug|Any CPU = Debug|Any CPU
		Release|Any CPU = Release|Any CPU
	EndGlobalSection
	GlobalSection(ProjectConfigurationPlatforms) = postSolution
		{C63DD62F-43E0-444E-A01A-6D48A448D3B8}.Debug|Any CPU.ActiveCfg = Debug|Any CPU
		{C63DD62F-43E0-444E-A01A-6D48A448D3B8}.Debug|Any CPU.Build.0 = Debug|Any CPU
		{C63DD62F-43E0-444E-A01A-6D48A448D3B8}.Release|Any CPU.ActiveCfg = Release|Any CPU
		{C63DD62F-43E0-444E-A01A-6D48A448D3B8}.Release|Any CPU.Build.0 = Release|Any CPU
		{D27A734B-2F30-4DB4-A9D3-9CF2ADB9D775}.Debug|Any CPU.ActiveCfg = Debug|Any CPU
		{D27A734B-2F30-4DB4-A9D3-9CF2ADB9D775}.Debug|Any CPU.Build.0 = Debug|Any CPU
		{D27A734B-2F30-4DB4-A9D3-9CF2ADB9D775}.Release|Any CPU.ActiveCfg = Release|Any CPU
		{D27A734B-2F30-4DB4-A9D3-9CF2ADB9D775}.Release|Any CPU.Build.0 = Release|Any CPU
		{C60BE968-E79D-43E9-A825-EB3152F7521F}.Debug|Any CPU.ActiveCfg = Debug|Any CPU
		{C60BE968-E79D-43E9-A825-EB3152F7521F}.Debug|Any CPU.Build.0 = Debug|Any CPU
		{C60BE968-E79D-43E9-A825-EB3152F7521F}.Release|Any CPU.ActiveCfg = Release|Any CPU
		{C60BE968-E79D-43E9-A825-EB3152F7521F}.Release|Any CPU.Build.0 = Release|Any CPU
		{792CCD57-6D7D-4EB4-9AD4-CEEC519646EB}.Debug|Any CPU.ActiveCfg = Debug|Any CPU
		{792CCD57-6D7D-4EB4-9AD4-CEEC519646EB}.Debug|Any CPU.Build.0 = Debug|Any CPU
		{792CCD57-6D7D-4EB4-9AD4-CEEC519646EB}.Release|Any CPU.ActiveCfg = Release|Any CPU
		{792CCD57-6D7D-4EB4-9AD4-CEEC519646EB}.Release|Any CPU.Build.0 = Release|Any CPU
		{43F05DA4-8A3B-4DC0-A781-71DFE848B769}.Debug|Any CPU.ActiveCfg = Debug|Any CPU
		{43F05DA4-8A3B-4DC0-A781-71DFE848B769}.Debug|Any CPU.Build.0 = Debug|Any CPU
		{43F05DA4-8A3B-4DC0-A781-71DFE848B769}.Release|Any CPU.ActiveCfg = Release|Any CPU
		{43F05DA4-8A3B-4DC0-A781-71DFE848B769}.Release|Any CPU.Build.0 = Release|Any CPU
		{05502079-4ECA-4239-B563-33E2BAF21323}.Debug|Any CPU.ActiveCfg = Debug|Any CPU
		{05502079-4ECA-4239-B563-33E2BAF21323}.Debug|Any CPU.Build.0 = Debug|Any CPU
		{05502079-4ECA-4239-B563-33E2BAF21323}.Release|Any CPU.ActiveCfg = Release|Any CPU
		{05502079-4ECA-4239-B563-33E2BAF21323}.Release|Any CPU.Build.0 = Release|Any CPU
	EndGlobalSection
	GlobalSection(SolutionProperties) = preSolution
		HideSolutionNode = FALSE
	EndGlobalSection
	GlobalSection(NestedProjects) = preSolution
		{C63DD62F-43E0-444E-A01A-6D48A448D3B8} = {2E537523-634A-4F7D-B6C3-C747BB1C875B}
		{5A9956B9-F5AC-4FB3-99B9-78B420328244} = {5BC4835F-2DDF-43FD-9929-67A56B167D6F}
		{173E27CD-02AB-4C85-8EBC-7125AB1CDB82} = {5BC4835F-2DDF-43FD-9929-67A56B167D6F}
		{A4E1E329-2B36-43BD-A3C6-2D1D3417AFCE} = {5BC4835F-2DDF-43FD-9929-67A56B167D6F}
		{B45C9535-A577-4911-8B26-A14C4EB2BF57} = {5BC4835F-2DDF-43FD-9929-67A56B167D6F}
		{4769F0F1-1C77-4C0A-A189-2A84EF2763CB} = {5BC4835F-2DDF-43FD-9929-67A56B167D6F}
		{D27A734B-2F30-4DB4-A9D3-9CF2ADB9D775} = {5A9956B9-F5AC-4FB3-99B9-78B420328244}
		{C60BE968-E79D-43E9-A825-EB3152F7521F} = {173E27CD-02AB-4C85-8EBC-7125AB1CDB82}
		{792CCD57-6D7D-4EB4-9AD4-CEEC519646EB} = {A4E1E329-2B36-43BD-A3C6-2D1D3417AFCE}
		{43F05DA4-8A3B-4DC0-A781-71DFE848B769} = {B45C9535-A577-4911-8B26-A14C4EB2BF57}
		{05502079-4ECA-4239-B563-33E2BAF21323} = {4769F0F1-1C77-4C0A-A189-2A84EF2763CB}
	EndGlobalSection
	GlobalSection(ExtensibilityGlobals) = postSolution
		SolutionGuid = {FCE150CC-A277-432D-9459-C9E8E1E059AC}
	EndGlobalSection
EndGlobal
